// !$*UTF8*$!
{
	archiveVersion = 1;
	classes = {
	};
	objectVersion = 46;
	objects = {

/* Begin PBXBuildFile section */
		8015CD121EE9595F0034BEF0 /* main.m in Sources */ = {isa = PBXBuildFile; fileRef = 8015CD111EE9595F0034BEF0 /* main.m */; };
		8015CD151EE9595F0034BEF0 /* AppDelegate.m in Sources */ = {isa = PBXBuildFile; fileRef = 8015CD141EE9595F0034BEF0 /* AppDelegate.m */; };
		8015CD181EE9595F0034BEF0 /* ViewController.m in Sources */ = {isa = PBXBuildFile; fileRef = 8015CD171EE9595F0034BEF0 /* ViewController.m */; };
		8015CD1B1EE9595F0034BEF0 /* Main.storyboard in Resources */ = {isa = PBXBuildFile; fileRef = 8015CD191EE9595F0034BEF0 /* Main.storyboard */; };
		8015CD1D1EE9595F0034BEF0 /* Assets.xcassets in Resources */ = {isa = PBXBuildFile; fileRef = 8015CD1C1EE9595F0034BEF0 /* Assets.xcassets */; };
		8015CD201EE9595F0034BEF0 /* LaunchScreen.storyboard in Resources */ = {isa = PBXBuildFile; fileRef = 8015CD1E1EE9595F0034BEF0 /* LaunchScreen.storyboard */; };
		8015CD2B1EE9595F0034BEF0 /* RouteProjectTests.m in Sources */ = {isa = PBXBuildFile; fileRef = 8015CD2A1EE9595F0034BEF0 /* RouteProjectTests.m */; };
		8015CD361EE9595F0034BEF0 /* RouteProjectUITests.m in Sources */ = {isa = PBXBuildFile; fileRef = 8015CD351EE9595F0034BEF0 /* RouteProjectUITests.m */; };
/* End PBXBuildFile section */

/* Begin PBXContainerItemProxy section */
		8015CD271EE9595F0034BEF0 /* PBXContainerItemProxy */ = {
			isa = PBXContainerItemProxy;
			containerPortal = 8015CD051EE9595F0034BEF0 /* Project object */;
			proxyType = 1;
			remoteGlobalIDString = 8015CD0C1EE9595F0034BEF0;
			remoteInfo = RouteProject;
		};
		8015CD321EE9595F0034BEF0 /* PBXContainerItemProxy */ = {
			isa = PBXContainerItemProxy;
			containerPortal = 8015CD051EE9595F0034BEF0 /* Project object */;
			proxyType = 1;
			remoteGlobalIDString = 8015CD0C1EE9595F0034BEF0;
			remoteInfo = RouteProject;
		};
/* End PBXContainerItemProxy section */

/* Begin PBXFileReference section */
		8015CD0D1EE9595F0034BEF0 /* RouteProject.app */ = {isa = PBXFileReference; explicitFileType = wrapper.application; includeInIndex = 0; path = RouteProject.app; sourceTree = BUILT_PRODUCTS_DIR; };
		8015CD111EE9595F0034BEF0 /* main.m */ = {isa = PBXFileReference; lastKnownFileType = sourcecode.c.objc; path = main.m; sourceTree = "<group>"; };
		8015CD131EE9595F0034BEF0 /* AppDelegate.h */ = {isa = PBXFileReference; lastKnownFileType = sourcecode.c.h; path = AppDelegate.h; sourceTree = "<group>"; };
		8015CD141EE9595F0034BEF0 /* AppDelegate.m */ = {isa = PBXFileReference; lastKnownFileType = sourcecode.c.objc; path = AppDelegate.m; sourceTree = "<group>"; };
		8015CD161EE9595F0034BEF0 /* ViewController.h */ = {isa = PBXFileReference; lastKnownFileType = sourcecode.c.h; path = ViewController.h; sourceTree = "<group>"; };
		8015CD171EE9595F0034BEF0 /* ViewController.m */ = {isa = PBXFileReference; lastKnownFileType = sourcecode.c.objc; path = ViewController.m; sourceTree = "<group>"; };
		8015CD1A1EE9595F0034BEF0 /* Base */ = {isa = PBXFileReference; lastKnownFileType = file.storyboard; name = Base; path = Base.lproj/Main.storyboard; sourceTree = "<group>"; };
		8015CD1C1EE9595F0034BEF0 /* Assets.xcassets */ = {isa = PBXFileReference; lastKnownFileType = folder.assetcatalog; path = Assets.xcassets; sourceTree = "<group>"; };
		8015CD1F1EE9595F0034BEF0 /* Base */ = {isa = PBXFileReference; lastKnownFileType = file.storyboard; name = Base; path = Base.lproj/LaunchScreen.storyboard; sourceTree = "<group>"; };
		8015CD211EE9595F0034BEF0 /* Info.plist */ = {isa = PBXFileReference; lastKnownFileType = text.plist.xml; path = Info.plist; sourceTree = "<group>"; };
		8015CD261EE9595F0034BEF0 /* RouteProjectTests.xctest */ = {isa = PBXFileReference; explicitFileType = wrapper.cfbundle; includeInIndex = 0; path = RouteProjectTests.xctest; sourceTree = BUILT_PRODUCTS_DIR; };
		8015CD2A1EE9595F0034BEF0 /* RouteProjectTests.m */ = {isa = PBXFileReference; lastKnownFileType = sourcecode.c.objc; path = RouteProjectTests.m; sourceTree = "<group>"; };
		8015CD2C1EE9595F0034BEF0 /* Info.plist */ = {isa = PBXFileReference; lastKnownFileType = text.plist.xml; path = Info.plist; sourceTree = "<group>"; };
		8015CD311EE9595F0034BEF0 /* RouteProjectUITests.xctest */ = {isa = PBXFileReference; explicitFileType = wrapper.cfbundle; includeInIndex = 0; path = RouteProjectUITests.xctest; sourceTree = BUILT_PRODUCTS_DIR; };
		8015CD351EE9595F0034BEF0 /* RouteProjectUITests.m */ = {isa = PBXFileReference; lastKnownFileType = sourcecode.c.objc; path = RouteProjectUITests.m; sourceTree = "<group>"; };
		8015CD371EE9595F0034BEF0 /* Info.plist */ = {isa = PBXFileReference; lastKnownFileType = text.plist.xml; path = Info.plist; sourceTree = "<group>"; };
/* End PBXFileReference section */

/* Begin PBXFrameworksBuildPhase section */
		8015CD0A1EE9595F0034BEF0 /* Frameworks */ = {
			isa = PBXFrameworksBuildPhase;
			buildActionMask = 2147483647;
			files = (
			);
			runOnlyForDeploymentPostprocessing = 0;
		};
		8015CD231EE9595F0034BEF0 /* Frameworks */ = {
			isa = PBXFrameworksBuildPhase;
			buildActionMask = 2147483647;
			files = (
			);
			runOnlyForDeploymentPostprocessing = 0;
		};
		8015CD2E1EE9595F0034BEF0 /* Frameworks */ = {
			isa = PBXFrameworksBuildPhase;
			buildActionMask = 2147483647;
			files = (
			);
			runOnlyForDeploymentPostprocessing = 0;
		};
/* End PBXFrameworksBuildPhase section */

/* Begin PBXGroup section */
		8015CD041EE9595F0034BEF0 = {
			isa = PBXGroup;
			children = (
				8015CD0F1EE9595F0034BEF0 /* RouteProject */,
				8015CD291EE9595F0034BEF0 /* RouteProjectTests */,
				8015CD341EE9595F0034BEF0 /* RouteProjectUITests */,
				8015CD0E1EE9595F0034BEF0 /* Products */,
			);
			sourceTree = "<group>";
		};
		8015CD0E1EE9595F0034BEF0 /* Products */ = {
			isa = PBXGroup;
			children = (
				8015CD0D1EE9595F0034BEF0 /* RouteProject.app */,
				8015CD261EE9595F0034BEF0 /* RouteProjectTests.xctest */,
				8015CD311EE9595F0034BEF0 /* RouteProjectUITests.xctest */,
			);
			name = Products;
			sourceTree = "<group>";
		};
		8015CD0F1EE9595F0034BEF0 /* RouteProject */ = {
			isa = PBXGroup;
			children = (
				8015CD131EE9595F0034BEF0 /* AppDelegate.h */,
				8015CD141EE9595F0034BEF0 /* AppDelegate.m */,
				8015CD161EE9595F0034BEF0 /* ViewController.h */,
				8015CD171EE9595F0034BEF0 /* ViewController.m */,
				8015CD191EE9595F0034BEF0 /* Main.storyboard */,
				8015CD1C1EE9595F0034BEF0 /* Assets.xcassets */,
				8015CD1E1EE9595F0034BEF0 /* LaunchScreen.storyboard */,
				8015CD211EE9595F0034BEF0 /* Info.plist */,
				8015CD101EE9595F0034BEF0 /* Supporting Files */,
			);
			path = RouteProject;
			sourceTree = "<group>";
		};
		8015CD101EE9595F0034BEF0 /* Supporting Files */ = {
			isa = PBXGroup;
			children = (
				8015CD111EE9595F0034BEF0 /* main.m */,
			);
			name = "Supporting Files";
			sourceTree = "<group>";
		};
		8015CD291EE9595F0034BEF0 /* RouteProjectTests */ = {
			isa = PBXGroup;
			children = (
				8015CD2A1EE9595F0034BEF0 /* RouteProjectTests.m */,
				8015CD2C1EE9595F0034BEF0 /* Info.plist */,
			);
			path = RouteProjectTests;
			sourceTree = "<group>";
		};
		8015CD341EE9595F0034BEF0 /* RouteProjectUITests */ = {
			isa = PBXGroup;
			children = (
				8015CD351EE9595F0034BEF0 /* RouteProjectUITests.m */,
				8015CD371EE9595F0034BEF0 /* Info.plist */,
			);
			path = RouteProjectUITests;
			sourceTree = "<group>";
		};
/* End PBXGroup section */

/* Begin PBXNativeTarget section */
		8015CD0C1EE9595F0034BEF0 /* RouteProject */ = {
			isa = PBXNativeTarget;
			buildConfigurationList = 8015CD3A1EE9595F0034BEF0 /* Build configuration list for PBXNativeTarget "RouteProject" */;
			buildPhases = (
				8015CD091EE9595F0034BEF0 /* Sources */,
				8015CD0A1EE9595F0034BEF0 /* Frameworks */,
				8015CD0B1EE9595F0034BEF0 /* Resources */,
			);
			buildRules = (
			);
			dependencies = (
			);
			name = RouteProject;
			productName = RouteProject;
			productReference = 8015CD0D1EE9595F0034BEF0 /* RouteProject.app */;
			productType = "com.apple.product-type.application";
		};
		8015CD251EE9595F0034BEF0 /* RouteProjectTests */ = {
			isa = PBXNativeTarget;
			buildConfigurationList = 8015CD3D1EE9595F0034BEF0 /* Build configuration list for PBXNativeTarget "RouteProjectTests" */;
			buildPhases = (
				8015CD221EE9595F0034BEF0 /* Sources */,
				8015CD231EE9595F0034BEF0 /* Frameworks */,
				8015CD241EE9595F0034BEF0 /* Resources */,
			);
			buildRules = (
			);
			dependencies = (
				8015CD281EE9595F0034BEF0 /* PBXTargetDependency */,
			);
			name = RouteProjectTests;
			productName = RouteProjectTests;
			productReference = 8015CD261EE9595F0034BEF0 /* RouteProjectTests.xctest */;
			productType = "com.apple.product-type.bundle.unit-test";
		};
		8015CD301EE9595F0034BEF0 /* RouteProjectUITests */ = {
			isa = PBXNativeTarget;
			buildConfigurationList = 8015CD401EE9595F0034BEF0 /* Build configuration list for PBXNativeTarget "RouteProjectUITests" */;
			buildPhases = (
				8015CD2D1EE9595F0034BEF0 /* Sources */,
				8015CD2E1EE9595F0034BEF0 /* Frameworks */,
				8015CD2F1EE9595F0034BEF0 /* Resources */,
			);
			buildRules = (
			);
			dependencies = (
				8015CD331EE9595F0034BEF0 /* PBXTargetDependency */,
			);
			name = RouteProjectUITests;
			productName = RouteProjectUITests;
			productReference = 8015CD311EE9595F0034BEF0 /* RouteProjectUITests.xctest */;
			productType = "com.apple.product-type.bundle.ui-testing";
		};
/* End PBXNativeTarget section */

/* Begin PBXProject section */
		8015CD051EE9595F0034BEF0 /* Project object */ = {
			isa = PBXProject;
			attributes = {
				LastUpgradeCheck = 0830;
				ORGANIZATIONNAME = "李晓宁";
				TargetAttributes = {
					8015CD0C1EE9595F0034BEF0 = {
						CreatedOnToolsVersion = 8.3.3;
						ProvisioningStyle = Automatic;
					};
					8015CD251EE9595F0034BEF0 = {
						CreatedOnToolsVersion = 8.3.3;
						ProvisioningStyle = Automatic;
						TestTargetID = 8015CD0C1EE9595F0034BEF0;
					};
					8015CD301EE9595F0034BEF0 = {
						CreatedOnToolsVersion = 8.3.3;
						ProvisioningStyle = Automatic;
						TestTargetID = 8015CD0C1EE9595F0034BEF0;
					};
				};
			};
			buildConfigurationList = 8015CD081EE9595F0034BEF0 /* Build configuration list for PBXProject "RouteProject" */;
			compatibilityVersion = "Xcode 3.2";
			developmentRegion = English;
			hasScannedForEncodings = 0;
			knownRegions = (
				en,
				Base,
			);
			mainGroup = 8015CD041EE9595F0034BEF0;
			productRefGroup = 8015CD0E1EE9595F0034BEF0 /* Products */;
			projectDirPath = "";
			projectRoot = "";
			targets = (
				8015CD0C1EE9595F0034BEF0 /* RouteProject */,
				8015CD251EE9595F0034BEF0 /* RouteProjectTests */,
				8015CD301EE9595F0034BEF0 /* RouteProjectUITests */,
			);
		};
/* End PBXProject section */

/* Begin PBXResourcesBuildPhase section */
		8015CD0B1EE9595F0034BEF0 /* Resources */ = {
			isa = PBXResourcesBuildPhase;
			buildActionMask = 2147483647;
			files = (
				8015CD201EE9595F0034BEF0 /* LaunchScreen.storyboard in Resources */,
				8015CD1D1EE9595F0034BEF0 /* Assets.xcassets in Resources */,
				8015CD1B1EE9595F0034BEF0 /* Main.storyboard in Resources */,
			);
			runOnlyForDeploymentPostprocessing = 0;
		};
		8015CD241EE9595F0034BEF0 /* Resources */ = {
			isa = PBXResourcesBuildPhase;
			buildActionMask = 2147483647;
			files = (
			);
			runOnlyForDeploymentPostprocessing = 0;
		};
		8015CD2F1EE9595F0034BEF0 /* Resources */ = {
			isa = PBXResourcesBuildPhase;
			buildActionMask = 2147483647;
			files = (
			);
			runOnlyForDeploymentPostprocessing = 0;
		};
/* End PBXResourcesBuildPhase section */

/* Begin PBXSourcesBuildPhase section */
		8015CD091EE9595F0034BEF0 /* Sources */ = {
			isa = PBXSourcesBuildPhase;
			buildActionMask = 2147483647;
			files = (
				8015CD181EE9595F0034BEF0 /* ViewController.m in Sources */,
				8015CD151EE9595F0034BEF0 /* AppDelegate.m in Sources */,
				8015CD121EE9595F0034BEF0 /* main.m in Sources */,
			);
			runOnlyForDeploymentPostprocessing = 0;
		};
		8015CD221EE9595F0034BEF0 /* Sources */ = {
			isa = PBXSourcesBuildPhase;
			buildActionMask = 2147483647;
			files = (
				8015CD2B1EE9595F0034BEF0 /* RouteProjectTests.m in Sources */,
			);
			runOnlyForDeploymentPostprocessing = 0;
		};
		8015CD2D1EE9595F0034BEF0 /* Sources */ = {
			isa = PBXSourcesBuildPhase;
			buildActionMask = 2147483647;
			files = (
				8015CD361EE9595F0034BEF0 /* RouteProjectUITests.m in Sources */,
			);
			runOnlyForDeploymentPostprocessing = 0;
		};
/* End PBXSourcesBuildPhase section */

/* Begin PBXTargetDependency section */
		8015CD281EE9595F0034BEF0 /* PBXTargetDependency */ = {
			isa = PBXTargetDependency;
			target = 8015CD0C1EE9595F0034BEF0 /* RouteProject */;
			targetProxy = 8015CD271EE9595F0034BEF0 /* PBXContainerItemProxy */;
		};
		8015CD331EE9595F0034BEF0 /* PBXTargetDependency */ = {
			isa = PBXTargetDependency;
			target = 8015CD0C1EE9595F0034BEF0 /* RouteProject */;
			targetProxy = 8015CD321EE9595F0034BEF0 /* PBXContainerItemProxy */;
		};
/* End PBXTargetDependency section */

/* Begin PBXVariantGroup section */
		8015CD191EE9595F0034BEF0 /* Main.storyboard */ = {
			isa = PBXVariantGroup;
			children = (
				8015CD1A1EE9595F0034BEF0 /* Base */,
			);
			name = Main.storyboard;
			sourceTree = "<group>";
		};
		8015CD1E1EE9595F0034BEF0 /* LaunchScreen.storyboard */ = {
			isa = PBXVariantGroup;
			children = (
				8015CD1F1EE9595F0034BEF0 /* Base */,
			);
			name = LaunchScreen.storyboard;
			sourceTree = "<group>";
		};
/* End PBXVariantGroup section */

/* Begin XCBuildConfiguration section */
		8015CD381EE9595F0034BEF0 /* Debug */ = {
			isa = XCBuildConfiguration;
			buildSettings = {
				ALWAYS_SEARCH_USER_PATHS = NO;
				CLANG_ANALYZER_NONNULL = YES;
				CLANG_ANALYZER_NUMBER_OBJECT_CONVERSION = YES_AGGRESSIVE;
				CLANG_CXX_LANGUAGE_STANDARD = "gnu++0x";
				CLANG_CXX_LIBRARY = "libc++";
				CLANG_ENABLE_MODULES = YES;
				CLANG_ENABLE_OBJC_ARC = YES;
				CLANG_WARN_BOOL_CONVERSION = YES;
				CLANG_WARN_CONSTANT_CONVERSION = YES;
				CLANG_WARN_DIRECT_OBJC_ISA_USAGE = YES_ERROR;
				CLANG_WARN_DOCUMENTATION_COMMENTS = YES;
				CLANG_WARN_EMPTY_BODY = YES;
				CLANG_WARN_ENUM_CONVERSION = YES;
				CLANG_WARN_INFINITE_RECURSION = YES;
				CLANG_WARN_INT_CONVERSION = YES;
				CLANG_WARN_OBJC_ROOT_CLASS = YES_ERROR;
				CLANG_WARN_SUSPICIOUS_MOVE = YES;
				CLANG_WARN_UNREACHABLE_CODE = YES;
				CLANG_WARN__DUPLICATE_METHOD_MATCH = YES;
				"CODE_SIGN_IDENTITY[sdk=iphoneos*]" = "iPhone Developer";
				COPY_PHASE_STRIP = NO;
				DEBUG_INFORMATION_FORMAT = dwarf;
				ENABLE_STRICT_OBJC_MSGSEND = YES;
				ENABLE_TESTABILITY = YES;
				GCC_C_LANGUAGE_STANDARD = gnu99;
				GCC_DYNAMIC_NO_PIC = NO;
				GCC_NO_COMMON_BLOCKS = YES;
				GCC_OPTIMIZATION_LEVEL = 0;
				GCC_PREPROCESSOR_DEFINITIONS = (
					"DEBUG=1",
					"$(inherited)",
				);
				GCC_WARN_64_TO_32_BIT_CONVERSION = YES;
				GCC_WARN_ABOUT_RETURN_TYPE = YES_ERROR;
				GCC_WARN_UNDECLARED_SELECTOR = YES;
				GCC_WARN_UNINITIALIZED_AUTOS = YES_AGGRESSIVE;
				GCC_WARN_UNUSED_FUNCTION = YES;
				GCC_WARN_UNUSED_VARIABLE = YES;
				IPHONEOS_DEPLOYMENT_TARGET = 10.3;
				MTL_ENABLE_DEBUG_INFO = YES;
				ONLY_ACTIVE_ARCH = YES;
				SDKROOT = iphoneos;
				TARGETED_DEVICE_FAMILY = "1,2";
			};
			name = Debug;
		};
		8015CD391EE9595F0034BEF0 /* Release */ = {
			isa = XCBuildConfiguration;
			buildSettings = {
				ALWAYS_SEARCH_USER_PATHS = NO;
				CLANG_ANALYZER_NONNULL = YES;
				CLANG_ANALYZER_NUMBER_OBJECT_CONVERSION = YES_AGGRESSIVE;
				CLANG_CXX_LANGUAGE_STANDARD = "gnu++0x";
				CLANG_CXX_LIBRARY = "libc++";
				CLANG_ENABLE_MODULES = YES;
				CLANG_ENABLE_OBJC_ARC = YES;
				CLANG_WARN_BOOL_CONVERSION = YES;
				CLANG_WARN_CONSTANT_CONVERSION = YES;
				CLANG_WARN_DIRECT_OBJC_ISA_USAGE = YES_ERROR;
				CLANG_WARN_DOCUMENTATION_COMMENTS = YES;
				CLANG_WARN_EMPTY_BODY = YES;
				CLANG_WARN_ENUM_CONVERSION = YES;
				CLANG_WARN_INFINITE_RECURSION = YES;
				CLANG_WARN_INT_CONVERSION = YES;
				CLANG_WARN_OBJC_ROOT_CLASS = YES_ERROR;
				CLANG_WARN_SUSPICIOUS_MOVE = YES;
				CLANG_WARN_UNREACHABLE_CODE = YES;
				CLANG_WARN__DUPLICATE_METHOD_MATCH = YES;
				"CODE_SIGN_IDENTITY[sdk=iphoneos*]" = "iPhone Developer";
				COPY_PHASE_STRIP = NO;
				DEBUG_INFORMATION_FORMAT = "dwarf-with-dsym";
				ENABLE_NS_ASSERTIONS = NO;
				ENABLE_STRICT_OBJC_MSGSEND = YES;
				GCC_C_LANGUAGE_STANDARD = gnu99;
				GCC_NO_COMMON_BLOCKS = YES;
				GCC_WARN_64_TO_32_BIT_CONVERSION = YES;
				GCC_WARN_ABOUT_RETURN_TYPE = YES_ERROR;
				GCC_WARN_UNDECLARED_SELECTOR = YES;
				GCC_WARN_UNINITIALIZED_AUTOS = YES_AGGRESSIVE;
				GCC_WARN_UNUSED_FUNCTION = YES;
				GCC_WARN_UNUSED_VARIABLE = YES;
				IPHONEOS_DEPLOYMENT_TARGET = 10.3;
				MTL_ENABLE_DEBUG_INFO = NO;
				SDKROOT = iphoneos;
				TARGETED_DEVICE_FAMILY = "1,2";
				VALIDATE_PRODUCT = YES;
			};
			name = Release;
		};
		8015CD3B1EE9595F0034BEF0 /* Debug */ = {
			isa = XCBuildConfiguration;
			buildSettings = {
				ASSETCATALOG_COMPILER_APPICON_NAME = AppIcon;
				INFOPLIST_FILE = RouteProject/Info.plist;
				LD_RUNPATH_SEARCH_PATHS = "$(inherited) @executable_path/Frameworks";
				PRODUCT_BUNDLE_IDENTIFIER = com.lixiaoning.RouteProject;
				PRODUCT_NAME = "$(TARGET_NAME)";
			};
			name = Debug;
		};
		8015CD3C1EE9595F0034BEF0 /* Release */ = {
			isa = XCBuildConfiguration;
			buildSettings = {
				ASSETCATALOG_COMPILER_APPICON_NAME = AppIcon;
				INFOPLIST_FILE = RouteProject/Info.plist;
				LD_RUNPATH_SEARCH_PATHS = "$(inherited) @executable_path/Frameworks";
				PRODUCT_BUNDLE_IDENTIFIER = com.lixiaoning.RouteProject;
				PRODUCT_NAME = "$(TARGET_NAME)";
			};
			name = Release;
		};
		8015CD3E1EE9595F0034BEF0 /* Debug */ = {
			isa = XCBuildConfiguration;
			buildSettings = {
				BUNDLE_LOADER = "$(TEST_HOST)";
				INFOPLIST_FILE = RouteProjectTests/Info.plist;
				LD_RUNPATH_SEARCH_PATHS = "$(inherited) @executable_path/Frameworks @loader_path/Frameworks";
				PRODUCT_BUNDLE_IDENTIFIER = com.lixiaoning.RouteProjectTests;
				PRODUCT_NAME = "$(TARGET_NAME)";
				TEST_HOST = "$(BUILT_PRODUCTS_DIR)/RouteProject.app/RouteProject";
			};
			name = Debug;
		};
		8015CD3F1EE9595F0034BEF0 /* Release */ = {
			isa = XCBuildConfiguration;
			buildSettings = {
				BUNDLE_LOADER = "$(TEST_HOST)";
				INFOPLIST_FILE = RouteProjectTests/Info.plist;
				LD_RUNPATH_SEARCH_PATHS = "$(inherited) @executable_path/Frameworks @loader_path/Frameworks";
				PRODUCT_BUNDLE_IDENTIFIER = com.lixiaoning.RouteProjectTests;
				PRODUCT_NAME = "$(TARGET_NAME)";
				TEST_HOST = "$(BUILT_PRODUCTS_DIR)/RouteProject.app/RouteProject";
			};
			name = Release;
		};
		8015CD411EE9595F0034BEF0 /* Debug */ = {
			isa = XCBuildConfiguration;
			buildSettings = {
				INFOPLIST_FILE = RouteProjectUITests/Info.plist;
				LD_RUNPATH_SEARCH_PATHS = "$(inherited) @executable_path/Frameworks @loader_path/Frameworks";
				PRODUCT_BUNDLE_IDENTIFIER = com.lixiaoning.RouteProjectUITests;
				PRODUCT_NAME = "$(TARGET_NAME)";
				TEST_TARGET_NAME = RouteProject;
			};
			name = Debug;
		};
		8015CD421EE9595F0034BEF0 /* Release */ = {
			isa = XCBuildConfiguration;
			buildSettings = {
				INFOPLIST_FILE = RouteProjectUITests/Info.plist;
				LD_RUNPATH_SEARCH_PATHS = "$(inherited) @executable_path/Frameworks @loader_path/Frameworks";
				PRODUCT_BUNDLE_IDENTIFIER = com.lixiaoning.RouteProjectUITests;
				PRODUCT_NAME = "$(TARGET_NAME)";
				TEST_TARGET_NAME = RouteProject;
			};
			name = Release;
		};
/* End XCBuildConfiguration section */

/* Begin XCConfigurationList section */
		8015CD081EE9595F0034BEF0 /* Build configuration list for PBXProject "RouteProject" */ = {
			isa = XCConfigurationList;
			buildConfigurations = (
				8015CD381EE9595F0034BEF0 /* Debug */,
				8015CD391EE9595F0034BEF0 /* Release */,
			);
			defaultConfigurationIsVisible = 0;
			defaultConfigurationName = Release;
		};
		8015CD3A1EE9595F0034BEF0 /* Build configuration list for PBXNativeTarget "RouteProject" */ = {
			isa = XCConfigurationList;
			buildConfigurations = (
				8015CD3B1EE9595F0034BEF0 /* Debug */,
				8015CD3C1EE9595F0034BEF0 /* Release */,
			);
			defaultConfigurationIsVisible = 0;
		};
		8015CD3D1EE9595F0034BEF0 /* Build configuration list for PBXNativeTarget "RouteProjectTests" */ = {
			isa = XCConfigurationList;
			buildConfigurations = (
				8015CD3E1EE9595F0034BEF0 /* Debug */,
				8015CD3F1EE9595F0034BEF0 /* Release */,
			);
			defaultConfigurationIsVisible = 0;
		};
		8015CD401EE9595F0034BEF0 /* Build configuration list for PBXNativeTarget "RouteProjectUITests" */ = {
			isa = XCConfigurationList;
			buildConfigurations = (
				8015CD411EE9595F0034BEF0 /* Debug */,
				8015CD421EE9595F0034BEF0 /* Release */,
			);
			defaultConfigurationIsVisible = 0;
		};
/* End XCConfigurationList section */
	};
	rootObject = 8015CD051EE9595F0034BEF0 /* Project object */;
}
